
Microsoft Visual Studio Solution File, Format Version 11.00
# Visual Studio 2010
Project("{8BC9CEB8-8B4A-11D0-8D11-00A0C91BC942}") = "3d", "3d.vcxproj", "{B6E6B607-E837-4E79-91C0-78B33850B701}"
EndProject
Project("{8BC9CEB8-8B4A-11D0-8D11-00A0C91BC942}") = "3d_multi", "3d_multi.vcxproj", "{D78C045F-ECFC-4577-89C3-8EA0939AA89D}"
EndProject
Project("{8BC9CEB8-8B4A-11D0-8D11-00A0C91BC942}") = "event_parameter", "event_parameter.vcxproj", "{C0A512DA-D310-4E45-A2A2-8C7C0F0957F1}"
EndProject
Project("{8BC9CEB8-8B4A-11D0-8D11-00A0C91BC942}") = "load_banks", "load_banks.vcxproj", "{D1721759-2287-4E3D-9E56-92AEBA76B1C3}"
EndProject
Project("{8BC9CEB8-8B4A-11D0-8D11-00A0C91BC942}") = "music_callbacks", "music_callbacks.vcxproj", "{AB320B96-03D7-4881-A472-6588C7DE6EBE}"
EndProject
Project("{8BC9CEB8-8B4A-11D0-8D11-00A0C91BC942}") = "objectpan", "objectpan.vcxproj", "{9CC91FD3-A5A1-42CD-99FF-386A2E108AC4}"
EndProject
Project("{8BC9CEB8-8B4A-11D0-8D11-00A0C91BC942}") = "programmer_sound", "programmer_sound.vcxproj", "{22C748F2-A02C-4A7C-AB6B-1B3B8280727A}"
EndProject
Project("{8BC9CEB8-8B4A-11D0-8D11-00A0C91BC942}") = "recording_playback", "recording_playback.vcxproj", "{662853D4-F483-493D-B1BD-0D379F4384E2}"
EndProject
Project("{8BC9CEB8-8B4A-11D0-8D11-00A0C91BC942}") = "simple_event", "simple_event.vcxproj", "{B6CCDC08-7ED7-478B-B222-3822D1D14C4A}"
EndProject
Global
	GlobalSection(SolutionConfigurationPlatforms) = preSolution
		Debug|Win32 = Debug|Win32
		Debug|x64 = Debug|x64
		Release|Win32 = Release|Win32
		Release|x64 = Release|x64
	EndGlobalSection
	GlobalSection(ProjectConfigurationPlatforms) = postSolution
		{B6E6B607-E837-4E79-91C0-78B33850B701}.Debug|Win32.ActiveCfg = Debug|Win32
		{B6E6B607-E837-4E79-91C0-78B33850B701}.Debug|Win32.Build.0 = Debug|Win32
		{B6E6B607-E837-4E79-91C0-78B33850B701}.Debug|Win32.Deploy.0 = Debug|Win32
		{B6E6B607-E837-4E79-91C0-78B33850B701}.Debug|x64.ActiveCfg = Debug|x64
		{B6E6B607-E837-4E79-91C0-78B33850B701}.Debug|x64.Build.0 = Debug|x64
		{B6E6B607-E837-4E79-91C0-78B33850B701}.Debug|x64.Deploy.0 = Debug|x64
		{B6E6B607-E837-4E79-91C0-78B33850B701}.Release|Win32.ActiveCfg = Release|Win32
		{B6E6B607-E837-4E79-91C0-78B33850B701}.Release|Win32.Build.0 = Release|Win32
		{B6E6B607-E837-4E79-91C0-78B33850B701}.Release|Win32.Deploy.0 = Release|Win32
		{B6E6B607-E837-4E79-91C0-78B33850B701}.Release|x64.ActiveCfg = Release|x64
		{B6E6B607-E837-4E79-91C0-78B33850B701}.Release|x64.Build.0 = Release|x64
		{B6E6B607-E837-4E79-91C0-78B33850B701}.Release|x64.Deploy.0 = Release|x64
		{D78C045F-ECFC-4577-89C3-8EA0939AA89D}.Debug|Win32.ActiveCfg = Debug|Win32
		{D78C045F-ECFC-4577-89C3-8EA0939AA89D}.Debug|Win32.Build.0 = Debug|Win32
		{D78C045F-ECFC-4577-89C3-8EA0939AA89D}.Debug|Win32.Deploy.0 = Debug|Win32
		{D78C045F-ECFC-4577-89C3-8EA0939AA89D}.Debug|x64.ActiveCfg = Debug|x64
		{D78C045F-ECFC-4577-89C3-8EA0939AA89D}.Debug|x64.Build.0 = Debug|x64
		{D78C045F-ECFC-4577-89C3-8EA0939AA89D}.Debug|x64.Deploy.0 = Debug|x64
		{D78C045F-ECFC-4577-89C3-8EA0939AA89D}.Release|Win32.ActiveCfg = Release|Win32
		{D78C045F-ECFC-4577-89C3-8EA0939AA89D}.Release|Win32.Build.0 = Release|Win32
		{D78C045F-ECFC-4577-89C3-8EA0939AA89D}.Release|Win32.Deploy.0 = Release|Win32
		{D78C045F-ECFC-4577-89C3-8EA0939AA89D}.Release|x64.ActiveCfg = Release|x64
		{D78C045F-ECFC-4577-89C3-8EA0939AA89D}.Release|x64.Build.0 = Release|x64
		{D78C045F-ECFC-4577-89C3-8EA0939AA89D}.Release|x64.Deploy.0 = Release|x64
		{C0A512DA-D310-4E45-A2A2-8C7C0F0957F1}.Debug|Win32.ActiveCfg = Debug|Win32
		{C0A512DA-D310-4E45-A2A2-8C7C0F0957F1}.Debug|Win32.Build.0 = Debug|Win32
		{C0A512DA-D310-4E45-A2A2-8C7C0F0957F1}.Debug|Win32.Deploy.0 = Debug|Win32
		{C0A512DA-D310-4E45-A2A2-8C7C0F0957F1}.Debug|x64.ActiveCfg = Debug|x64
		{C0A512DA-D310-4E45-A2A2-8C7C0F0957F1}.Debug|x64.Build.0 = Debug|x64
		{C0A512DA-D310-4E45-A2A2-8C7C0F0957F1}.Debug|x64.Deploy.0 = Debug|x64
		{C0A512DA-D310-4E45-A2A2-8C7C0F0957F1}.Release|Win32.ActiveCfg = Release|Win32
		{C0A512DA-D310-4E45-A2A2-8C7C0F0957F1}.Release|Win32.Build.0 = Release|Win32
		{C0A512DA-D310-4E45-A2A2-8C7C0F0957F1}.Release|Win32.Deploy.0 = Release|Win32
		{C0A512DA-D310-4E45-A2A2-8C7C0F0957F1}.Release|x64.ActiveCfg = Release|x64
		{C0A512DA-D310-4E45-A2A2-8C7C0F0957F1}.Release|x64.Build.0 = Release|x64
		{C0A512DA-D310-4E45-A2A2-8C7C0F0957F1}.Release|x64.Deploy.0 = Release|x64
		{D1721759-2287-4E3D-9E56-92AEBA76B1C3}.Debug|Win32.ActiveCfg = Debug|Win32
		{D1721759-2287-4E3D-9E56-92AEBA76B1C3}.Debug|Win32.Build.0 = Debug|Win32
		{D1721759-2287-4E3D-9E56-92AEBA76B1C3}.Debug|Win32.Deploy.0 = Debug|Win32
		{D1721759-2287-4E3D-9E56-92AEBA76B1C3}.Debug|x64.ActiveCfg = Debug|x64
		{D1721759-2287-4E3D-9E56-92AEBA76B1C3}.Debug|x64.Build.0 = Debug|x64
		{D1721759-2287-4E3D-9E56-92AEBA76B1C3}.Debug|x64.Deploy.0 = Debug|x64
		{D1721759-2287-4E3D-9E56-92AEBA76B1C3}.Release|Win32.ActiveCfg = Release|Win32
		{D1721759-2287-4E3D-9E56-92AEBA76B1C3}.Release|Win32.Build.0 = Release|Win32
		{D1721759-2287-4E3D-9E56-92AEBA76B1C3}.Release|Win32.Deploy.0 = Release|Win32
		{D1721759-2287-4E3D-9E56-92AEBA76B1C3}.Release|x64.ActiveCfg = Release|x64
		{D1721759-2287-4E3D-9E56-92AEBA76B1C3}.Release|x64.Build.0 = Release|x64
		{D1721759-2287-4E3D-9E56-92AEBA76B1C3}.Release|x64.Deploy.0 = Release|x64
		{AB320B96-03D7-4881-A472-6588C7DE6EBE}.Debug|Win32.ActiveCfg = Debug|Win32
		{AB320B96-03D7-4881-A472-6588C7DE6EBE}.Debug|Win32.Build.0 = Debug|Win32
		{AB320B96-03D7-4881-A472-6588C7DE6EBE}.Debug|Win32.Deploy.0 = Debug|Win32
		{AB320B96-03D7-4881-A472-6588C7DE6EBE}.Debug|x64.ActiveCfg = Debug|x64
		{AB320B96-03D7-4881-A472-6588C7DE6EBE}.Debug|x64.Build.0 = Debug|x64
		{AB320B96-03D7-4881-A472-6588C7DE6EBE}.Debug|x64.Deploy.0 = Debug|x64
		{AB320B96-03D7-4881-A472-6588C7DE6EBE}.Release|Win32.ActiveCfg = Release|Win32
		{AB320B96-03D7-4881-A472-6588C7DE6EBE}.Release|Win32.Build.0 = Release|Win32
		{AB320B96-03D7-4881-A472-6588C7DE6EBE}.Release|Win32.Deploy.0 = Release|Win32
		{AB320B96-03D7-4881-A472-6588C7DE6EBE}.Release|x64.ActiveCfg = Release|x64
		{AB320B96-03D7-4881-A472-6588C7DE6EBE}.Release|x64.Build.0 = Release|x64
		{AB320B96-03D7-4881-A472-6588C7DE6EBE}.Release|x64.Deploy.0 = Release|x64
		{9CC91FD3-A5A1-42CD-99FF-386A2E108AC4}.Debug|Win32.ActiveCfg = Debug|Win32
		{9CC91FD3-A5A1-42CD-99FF-386A2E108AC4}.Debug|Win32.Build.0 = Debug|Win32
		{9CC91FD3-A5A1-42CD-99FF-386A2E108AC4}.Debug|Win32.Deploy.0 = Debug|Win32
		{9CC91FD3-A5A1-42CD-99FF-386A2E108AC4}.Debug|x64.ActiveCfg = Debug|x64
		{9CC91FD3-A5A1-42CD-99FF-386A2E108AC4}.Debug|x64.Build.0 = Debug|x64
		{9CC91FD3-A5A1-42CD-99FF-386A2E108AC4}.Debug|x64.Deploy.0 = Debug|x64
		{9CC91FD3-A5A1-42CD-99FF-386A2E108AC4}.Release|Win32.ActiveCfg = Release|Win32
		{9CC91FD3-A5A1-42CD-99FF-386A2E108AC4}.Release|Win32.Build.0 = Release|Win32
		{9CC91FD3-A5A1-42CD-99FF-386A2E108AC4}.Release|Win32.Deploy.0 = Release|Win32
		{9CC91FD3-A5A1-42CD-99FF-386A2E108AC4}.Release|x64.ActiveCfg = Release|x64
		{9CC91FD3-A5A1-42CD-99FF-386A2E108AC4}.Release|x64.Build.0 = Release|x64
		{9CC91FD3-A5A1-42CD-99FF-386A2E108AC4}.Release|x64.Deploy.0 = Release|x64
		{22C748F2-A02C-4A7C-AB6B-1B3B8280727A}.Debug|Win32.ActiveCfg = Debug|Win32
		{22C748F2-A02C-4A7C-AB6B-1B3B8280727A}.Debug|Win32.Build.0 = Debug|Win32
		{22C748F2-A02C-4A7C-AB6B-1B3B8280727A}.Debug|Win32.Deploy.0 = Debug|Win32
		{22C748F2-A02C-4A7C-AB6B-1B3B8280727A}.Debug|x64.ActiveCfg = Debug|x64
		{22C748F2-A02C-4A7C-AB6B-1B3B8280727A}.Debug|x64.Build.0 = Debug|x64
		{22C748F2-A02C-4A7C-AB6B-1B3B8280727A}.Debug|x64.Deploy.0 = Debug|x64
		{22C748F2-A02C-4A7C-AB6B-1B3B8280727A}.Release|Win32.ActiveCfg = Release|Win32
		{22C748F2-A02C-4A7C-AB6B-1B3B8280727A}.Release|Win32.Build.0 = Release|Win32
		{22C748F2-A02C-4A7C-AB6B-1B3B8280727A}.Release|Win32.Deploy.0 = Release|Win32
		{22C748F2-A02C-4A7C-AB6B-1B3B8280727A}.Release|x64.ActiveCfg = Release|x64
		{22C748F2-A02C-4A7C-AB6B-1B3B8280727A}.Release|x64.Build.0 = Release|x64
		{22C748F2-A02C-4A7C-AB6B-1B3B8280727A}.Release|x64.Deploy.0 = Release|x64
		{662853D4-F483-493D-B1BD-0D379F4384E2}.Debug|Win32.ActiveCfg = Debug|Win32
		{662853D4-F483-493D-B1BD-0D379F4384E2}.Debug|Win32.Build.0 = Debug|Win32
		{662853D4-F483-493D-B1BD-0D379F4384E2}.Debug|Win32.Deploy.0 = Debug|Win32
		{662853D4-F483-493D-B1BD-0D379F4384E2}.Debug|x64.ActiveCfg = Debug|x64
		{662853D4-F483-493D-B1BD-0D379F4384E2}.Debug|x64.Build.0 = Debug|x64
		{662853D4-F483-493D-B1BD-0D379F4384E2}.Debug|x64.Deploy.0 = Debug|x64
		{662853D4-F483-493D-B1BD-0D379F4384E2}.Release|Win32.ActiveCfg = Release|Win32
		{662853D4-F483-493D-B1BD-0D379F4384E2}.Release|Win32.Build.0 = Release|Win32
		{662853D4-F483-493D-B1BD-0D379F4384E2}.Release|Win32.Deploy.0 = Release|Win32
		{662853D4-F483-493D-B1BD-0D379F4384E2}.Release|x64.ActiveCfg = Release|x64
		{662853D4-F483-493D-B1BD-0D379F4384E2}.Release|x64.Build.0 = Release|x64
		{662853D4-F483-493D-B1BD-0D379F4384E2}.Release|x64.Deploy.0 = Release|x64
		{B6CCDC08-7ED7-478B-B222-3822D1D14C4A}.Debug|Win32.ActiveCfg = Debug|Win32
		{B6CCDC08-7ED7-478B-B222-3822D1D14C4A}.Debug|Win32.Build.0 = Debug|Win32
		{B6CCDC08-7ED7-478B-B222-3822D1D14C4A}.Debug|Win32.Deploy.0 = Debug|Win32
		{B6CCDC08-7ED7-478B-B222-3822D1D14C4A}.Debug|x64.ActiveCfg = Debug|x64
		{B6CCDC08-7ED7-478B-B222-3822D1D14C4A}.Debug|x64.Build.0 = Debug|x64
		{B6CCDC08-7ED7-478B-B222-3822D1D14C4A}.Debug|x64.Deploy.0 = Debug|x64
		{B6CCDC08-7ED7-478B-B222-3822D1D14C4A}.Release|Win32.ActiveCfg = Release|Win32
		{B6CCDC08-7ED7-478B-B222-3822D1D14C4A}.Release|Win32.Build.0 = Release|Win32
		{B6CCDC08-7ED7-478B-B222-3822D1D14C4A}.Release|Win32.Deploy.0 = Release|Win32
		{B6CCDC08-7ED7-478B-B222-3822D1D14C4A}.Release|x64.ActiveCfg = Release|x64
		{B6CCDC08-7ED7-478B-B222-3822D1D14C4A}.Release|x64.Build.0 = Release|x64
		{B6CCDC08-7ED7-478B-B222-3822D1D14C4A}.Release|x64.Deploy.0 = Release|x64
	EndGlobalSection
	GlobalSection(SolutionProperties) = preSolution
		HideSolutionNode = FALSE
	EndGlobalSection
EndGlobal
