
Microsoft Visual Studio Solution File, Format Version 11.00
# Visual Studio 2010
Project("{8BC9CEB8-8B4A-11D0-8D11-00A0C91BC942}") = "3d", "3d.vcxproj", "{BD8B8F4A-DF98-4901-9A63-0924FE7CF858}"
EndProject
Project("{8BC9CEB8-8B4A-11D0-8D11-00A0C91BC942}") = "asyncio", "asyncio.vcxproj", "{D715D91E-20A2-4754-8EE7-9C7D60676C11}"
EndProject
Project("{8BC9CEB8-8B4A-11D0-8D11-00A0C91BC942}") = "channel_groups", "channel_groups.vcxproj", "{BECFFC67-D9EB-4BA6-B083-C5DA5B6D5B23}"
EndProject
Project("{8BC9CEB8-8B4A-11D0-8D11-00A0C91BC942}") = "convolution_reverb", "convolution_reverb.vcxproj", "{8571783B-3404-454C-8D7B-446AA6751F96}"
EndProject
Project("{8BC9CEB8-8B4A-11D0-8D11-00A0C91BC942}") = "dsp_custom", "dsp_custom.vcxproj", "{FD9746F4-C8F5-45A0-AA22-5F0C5971429E}"
EndProject
Project("{8BC9CEB8-8B4A-11D0-8D11-00A0C91BC942}") = "dsp_effect_per_speaker", "dsp_effect_per_speaker.vcxproj", "{33B96B76-D2BA-4908-A8FB-D9197364C31C}"
EndProject
Project("{8BC9CEB8-8B4A-11D0-8D11-00A0C91BC942}") = "dsp_inspector", "dsp_inspector.vcxproj", "{7E839CFB-E067-4258-A476-AA98B5EF2686}"
EndProject
Project("{8BC9CEB8-8B4A-11D0-8D11-00A0C91BC942}") = "effects", "effects.vcxproj", "{5945EE32-E1B4-4E1A-B010-72E250DBC02B}"
EndProject
Project("{8BC9CEB8-8B4A-11D0-8D11-00A0C91BC942}") = "gapless_playback", "gapless_playback.vcxproj", "{5A82DA74-326F-43CC-8D31-D8946A2CBC04}"
EndProject
Project("{8BC9CEB8-8B4A-11D0-8D11-00A0C91BC942}") = "generate_tone", "generate_tone.vcxproj", "{6677755D-561D-4604-8349-E8FCDFB32287}"
EndProject
Project("{8BC9CEB8-8B4A-11D0-8D11-00A0C91BC942}") = "granular_synth", "granular_synth.vcxproj", "{08A6B53C-DE6E-4456-B653-33752CE56A2B}"
EndProject
Project("{8BC9CEB8-8B4A-11D0-8D11-00A0C91BC942}") = "load_from_memory", "load_from_memory.vcxproj", "{72910C59-E5A3-4677-910F-2CFE8F996F91}"
EndProject
Project("{8BC9CEB8-8B4A-11D0-8D11-00A0C91BC942}") = "multiple_speaker", "multiple_speaker.vcxproj", "{33B901C1-0C7D-4370-9E51-9B74C416E39A}"
EndProject
Project("{8BC9CEB8-8B4A-11D0-8D11-00A0C91BC942}") = "multiple_system", "multiple_system.vcxproj", "{995517EA-7282-478A-A2A3-4474829B6C5A}"
EndProject
Project("{8BC9CEB8-8B4A-11D0-8D11-00A0C91BC942}") = "net_stream", "net_stream.vcxproj", "{17E0F262-FE4C-4103-B08B-191E21216D3E}"
EndProject
Project("{8BC9CEB8-8B4A-11D0-8D11-00A0C91BC942}") = "play_sound", "play_sound.vcxproj", "{8652A8D3-4F93-4C13-B261-EF5E08057737}"
EndProject
Project("{8BC9CEB8-8B4A-11D0-8D11-00A0C91BC942}") = "play_stream", "play_stream.vcxproj", "{41C2D912-7993-4BBF-AAC2-52DE7201424C}"
EndProject
Project("{8BC9CEB8-8B4A-11D0-8D11-00A0C91BC942}") = "record", "record.vcxproj", "{1971FF28-2D63-4144-B454-B57DC3B229C9}"
EndProject
Project("{8BC9CEB8-8B4A-11D0-8D11-00A0C91BC942}") = "record_enumeration", "record_enumeration.vcxproj", "{4840021B-AE97-4A27-81BA-A433FFCF7CC2}"
EndProject
Project("{8BC9CEB8-8B4A-11D0-8D11-00A0C91BC942}") = "user_created_sound", "user_created_sound.vcxproj", "{994DB76D-7D12-40C2-B44B-24E75C5834FE}"
EndProject
Project("{8BC9CEB8-8B4A-11D0-8D11-00A0C91BC942}") = "fmod_codec_raw", "fmod_codec_raw.vcxproj", "{18B556EF-69E6-4F57-B1D7-8F86262FC31F}"
EndProject
Project("{8BC9CEB8-8B4A-11D0-8D11-00A0C91BC942}") = "fmod_distance_filter", "fmod_distance_filter.vcxproj", "{FA5F7EA8-132C-4572-841D-8E7FAA661EA5}"
EndProject
Project("{8BC9CEB8-8B4A-11D0-8D11-00A0C91BC942}") = "fmod_gain", "fmod_gain.vcxproj", "{12D3A308-832E-4647-B7D1-FF9FF01DC037}"
EndProject
Project("{8BC9CEB8-8B4A-11D0-8D11-00A0C91BC942}") = "fmod_noise", "fmod_noise.vcxproj", "{E8519072-9DBC-40C4-AC31-85E3E546A700}"
EndProject
Project("{8BC9CEB8-8B4A-11D0-8D11-00A0C91BC942}") = "output_mp3", "output_mp3.vcxproj", "{446FC75F-8C39-43B5-A973-3C6A9DFBA413}"
EndProject
Global
	GlobalSection(SolutionConfigurationPlatforms) = preSolution
		Debug|Win32 = Debug|Win32
		Debug|x64 = Debug|x64
		Release|Win32 = Release|Win32
		Release|x64 = Release|x64
	EndGlobalSection
	GlobalSection(ProjectConfigurationPlatforms) = postSolution
		{BD8B8F4A-DF98-4901-9A63-0924FE7CF858}.Debug|Win32.ActiveCfg = Debug|Win32
		{BD8B8F4A-DF98-4901-9A63-0924FE7CF858}.Debug|Win32.Build.0 = Debug|Win32
		{BD8B8F4A-DF98-4901-9A63-0924FE7CF858}.Debug|Win32.Deploy.0 = Debug|Win32
		{BD8B8F4A-DF98-4901-9A63-0924FE7CF858}.Debug|x64.ActiveCfg = Debug|x64
		{BD8B8F4A-DF98-4901-9A63-0924FE7CF858}.Debug|x64.Build.0 = Debug|x64
		{BD8B8F4A-DF98-4901-9A63-0924FE7CF858}.Debug|x64.Deploy.0 = Debug|x64
		{BD8B8F4A-DF98-4901-9A63-0924FE7CF858}.Release|Win32.ActiveCfg = Release|Win32
		{BD8B8F4A-DF98-4901-9A63-0924FE7CF858}.Release|Win32.Build.0 = Release|Win32
		{BD8B8F4A-DF98-4901-9A63-0924FE7CF858}.Release|Win32.Deploy.0 = Release|Win32
		{BD8B8F4A-DF98-4901-9A63-0924FE7CF858}.Release|x64.ActiveCfg = Release|x64
		{BD8B8F4A-DF98-4901-9A63-0924FE7CF858}.Release|x64.Build.0 = Release|x64
		{BD8B8F4A-DF98-4901-9A63-0924FE7CF858}.Release|x64.Deploy.0 = Release|x64
		{D715D91E-20A2-4754-8EE7-9C7D60676C11}.Debug|Win32.ActiveCfg = Debug|Win32
		{D715D91E-20A2-4754-8EE7-9C7D60676C11}.Debug|Win32.Build.0 = Debug|Win32
		{D715D91E-20A2-4754-8EE7-9C7D60676C11}.Debug|Win32.Deploy.0 = Debug|Win32
		{D715D91E-20A2-4754-8EE7-9C7D60676C11}.Debug|x64.ActiveCfg = Debug|x64
		{D715D91E-20A2-4754-8EE7-9C7D60676C11}.Debug|x64.Build.0 = Debug|x64
		{D715D91E-20A2-4754-8EE7-9C7D60676C11}.Debug|x64.Deploy.0 = Debug|x64
		{D715D91E-20A2-4754-8EE7-9C7D60676C11}.Release|Win32.ActiveCfg = Release|Win32
		{D715D91E-20A2-4754-8EE7-9C7D60676C11}.Release|Win32.Build.0 = Release|Win32
		{D715D91E-20A2-4754-8EE7-9C7D60676C11}.Release|Win32.Deploy.0 = Release|Win32
		{D715D91E-20A2-4754-8EE7-9C7D60676C11}.Release|x64.ActiveCfg = Release|x64
		{D715D91E-20A2-4754-8EE7-9C7D60676C11}.Release|x64.Build.0 = Release|x64
		{D715D91E-20A2-4754-8EE7-9C7D60676C11}.Release|x64.Deploy.0 = Release|x64
		{BECFFC67-D9EB-4BA6-B083-C5DA5B6D5B23}.Debug|Win32.ActiveCfg = Debug|Win32
		{BECFFC67-D9EB-4BA6-B083-C5DA5B6D5B23}.Debug|Win32.Build.0 = Debug|Win32
		{BECFFC67-D9EB-4BA6-B083-C5DA5B6D5B23}.Debug|Win32.Deploy.0 = Debug|Win32
		{BECFFC67-D9EB-4BA6-B083-C5DA5B6D5B23}.Debug|x64.ActiveCfg = Debug|x64
		{BECFFC67-D9EB-4BA6-B083-C5DA5B6D5B23}.Debug|x64.Build.0 = Debug|x64
		{BECFFC67-D9EB-4BA6-B083-C5DA5B6D5B23}.Debug|x64.Deploy.0 = Debug|x64
		{BECFFC67-D9EB-4BA6-B083-C5DA5B6D5B23}.Release|Win32.ActiveCfg = Release|Win32
		{BECFFC67-D9EB-4BA6-B083-C5DA5B6D5B23}.Release|Win32.Build.0 = Release|Win32
		{BECFFC67-D9EB-4BA6-B083-C5DA5B6D5B23}.Release|Win32.Deploy.0 = Release|Win32
		{BECFFC67-D9EB-4BA6-B083-C5DA5B6D5B23}.Release|x64.ActiveCfg = Release|x64
		{BECFFC67-D9EB-4BA6-B083-C5DA5B6D5B23}.Release|x64.Build.0 = Release|x64
		{BECFFC67-D9EB-4BA6-B083-C5DA5B6D5B23}.Release|x64.Deploy.0 = Release|x64
		{8571783B-3404-454C-8D7B-446AA6751F96}.Debug|Win32.ActiveCfg = Debug|Win32
		{8571783B-3404-454C-8D7B-446AA6751F96}.Debug|Win32.Build.0 = Debug|Win32
		{8571783B-3404-454C-8D7B-446AA6751F96}.Debug|Win32.Deploy.0 = Debug|Win32
		{8571783B-3404-454C-8D7B-446AA6751F96}.Debug|x64.ActiveCfg = Debug|x64
		{8571783B-3404-454C-8D7B-446AA6751F96}.Debug|x64.Build.0 = Debug|x64
		{8571783B-3404-454C-8D7B-446AA6751F96}.Debug|x64.Deploy.0 = Debug|x64
		{8571783B-3404-454C-8D7B-446AA6751F96}.Release|Win32.ActiveCfg = Release|Win32
		{8571783B-3404-454C-8D7B-446AA6751F96}.Release|Win32.Build.0 = Release|Win32
		{8571783B-3404-454C-8D7B-446AA6751F96}.Release|Win32.Deploy.0 = Release|Win32
		{8571783B-3404-454C-8D7B-446AA6751F96}.Release|x64.ActiveCfg = Release|x64
		{8571783B-3404-454C-8D7B-446AA6751F96}.Release|x64.Build.0 = Release|x64
		{8571783B-3404-454C-8D7B-446AA6751F96}.Release|x64.Deploy.0 = Release|x64
		{FD9746F4-C8F5-45A0-AA22-5F0C5971429E}.Debug|Win32.ActiveCfg = Debug|Win32
		{FD9746F4-C8F5-45A0-AA22-5F0C5971429E}.Debug|Win32.Build.0 = Debug|Win32
		{FD9746F4-C8F5-45A0-AA22-5F0C5971429E}.Debug|Win32.Deploy.0 = Debug|Win32
		{FD9746F4-C8F5-45A0-AA22-5F0C5971429E}.Debug|x64.ActiveCfg = Debug|x64
		{FD9746F4-C8F5-45A0-AA22-5F0C5971429E}.Debug|x64.Build.0 = Debug|x64
		{FD9746F4-C8F5-45A0-AA22-5F0C5971429E}.Debug|x64.Deploy.0 = Debug|x64
		{FD9746F4-C8F5-45A0-AA22-5F0C5971429E}.Release|Win32.ActiveCfg = Release|Win32
		{FD9746F4-C8F5-45A0-AA22-5F0C5971429E}.Release|Win32.Build.0 = Release|Win32
		{FD9746F4-C8F5-45A0-AA22-5F0C5971429E}.Release|Win32.Deploy.0 = Release|Win32
		{FD9746F4-C8F5-45A0-AA22-5F0C5971429E}.Release|x64.ActiveCfg = Release|x64
		{FD9746F4-C8F5-45A0-AA22-5F0C5971429E}.Release|x64.Build.0 = Release|x64
		{FD9746F4-C8F5-45A0-AA22-5F0C5971429E}.Release|x64.Deploy.0 = Release|x64
		{33B96B76-D2BA-4908-A8FB-D9197364C31C}.Debug|Win32.ActiveCfg = Debug|Win32
		{33B96B76-D2BA-4908-A8FB-D9197364C31C}.Debug|Win32.Build.0 = Debug|Win32
		{33B96B76-D2BA-4908-A8FB-D9197364C31C}.Debug|Win32.Deploy.0 = Debug|Win32
		{33B96B76-D2BA-4908-A8FB-D9197364C31C}.Debug|x64.ActiveCfg = Debug|x64
		{33B96B76-D2BA-4908-A8FB-D9197364C31C}.Debug|x64.Build.0 = Debug|x64
		{33B96B76-D2BA-4908-A8FB-D9197364C31C}.Debug|x64.Deploy.0 = Debug|x64
		{33B96B76-D2BA-4908-A8FB-D9197364C31C}.Release|Win32.ActiveCfg = Release|Win32
		{33B96B76-D2BA-4908-A8FB-D9197364C31C}.Release|Win32.Build.0 = Release|Win32
		{33B96B76-D2BA-4908-A8FB-D9197364C31C}.Release|Win32.Deploy.0 = Release|Win32
		{33B96B76-D2BA-4908-A8FB-D9197364C31C}.Release|x64.ActiveCfg = Release|x64
		{33B96B76-D2BA-4908-A8FB-D9197364C31C}.Release|x64.Build.0 = Release|x64
		{33B96B76-D2BA-4908-A8FB-D9197364C31C}.Release|x64.Deploy.0 = Release|x64
		{7E839CFB-E067-4258-A476-AA98B5EF2686}.Debug|Win32.ActiveCfg = Debug|Win32
		{7E839CFB-E067-4258-A476-AA98B5EF2686}.Debug|Win32.Build.0 = Debug|Win32
		{7E839CFB-E067-4258-A476-AA98B5EF2686}.Debug|Win32.Deploy.0 = Debug|Win32
		{7E839CFB-E067-4258-A476-AA98B5EF2686}.Debug|x64.ActiveCfg = Debug|x64
		{7E839CFB-E067-4258-A476-AA98B5EF2686}.Debug|x64.Build.0 = Debug|x64
		{7E839CFB-E067-4258-A476-AA98B5EF2686}.Debug|x64.Deploy.0 = Debug|x64
		{7E839CFB-E067-4258-A476-AA98B5EF2686}.Release|Win32.ActiveCfg = Release|Win32
		{7E839CFB-E067-4258-A476-AA98B5EF2686}.Release|Win32.Build.0 = Release|Win32
		{7E839CFB-E067-4258-A476-AA98B5EF2686}.Release|Win32.Deploy.0 = Release|Win32
		{7E839CFB-E067-4258-A476-AA98B5EF2686}.Release|x64.ActiveCfg = Release|x64
		{7E839CFB-E067-4258-A476-AA98B5EF2686}.Release|x64.Build.0 = Release|x64
		{7E839CFB-E067-4258-A476-AA98B5EF2686}.Release|x64.Deploy.0 = Release|x64
		{5945EE32-E1B4-4E1A-B010-72E250DBC02B}.Debug|Win32.ActiveCfg = Debug|Win32
		{5945EE32-E1B4-4E1A-B010-72E250DBC02B}.Debug|Win32.Build.0 = Debug|Win32
		{5945EE32-E1B4-4E1A-B010-72E250DBC02B}.Debug|Win32.Deploy.0 = Debug|Win32
		{5945EE32-E1B4-4E1A-B010-72E250DBC02B}.Debug|x64.ActiveCfg = Debug|x64
		{5945EE32-E1B4-4E1A-B010-72E250DBC02B}.Debug|x64.Build.0 = Debug|x64
		{5945EE32-E1B4-4E1A-B010-72E250DBC02B}.Debug|x64.Deploy.0 = Debug|x64
		{5945EE32-E1B4-4E1A-B010-72E250DBC02B}.Release|Win32.ActiveCfg = Release|Win32
		{5945EE32-E1B4-4E1A-B010-72E250DBC02B}.Release|Win32.Build.0 = Release|Win32
		{5945EE32-E1B4-4E1A-B010-72E250DBC02B}.Release|Win32.Deploy.0 = Release|Win32
		{5945EE32-E1B4-4E1A-B010-72E250DBC02B}.Release|x64.ActiveCfg = Release|x64
		{5945EE32-E1B4-4E1A-B010-72E250DBC02B}.Release|x64.Build.0 = Release|x64
		{5945EE32-E1B4-4E1A-B010-72E250DBC02B}.Release|x64.Deploy.0 = Release|x64
		{5A82DA74-326F-43CC-8D31-D8946A2CBC04}.Debug|Win32.ActiveCfg = Debug|Win32
		{5A82DA74-326F-43CC-8D31-D8946A2CBC04}.Debug|Win32.Build.0 = Debug|Win32
		{5A82DA74-326F-43CC-8D31-D8946A2CBC04}.Debug|Win32.Deploy.0 = Debug|Win32
		{5A82DA74-326F-43CC-8D31-D8946A2CBC04}.Debug|x64.ActiveCfg = Debug|x64
		{5A82DA74-326F-43CC-8D31-D8946A2CBC04}.Debug|x64.Build.0 = Debug|x64
		{5A82DA74-326F-43CC-8D31-D8946A2CBC04}.Debug|x64.Deploy.0 = Debug|x64
		{5A82DA74-326F-43CC-8D31-D8946A2CBC04}.Release|Win32.ActiveCfg = Release|Win32
		{5A82DA74-326F-43CC-8D31-D8946A2CBC04}.Release|Win32.Build.0 = Release|Win32
		{5A82DA74-326F-43CC-8D31-D8946A2CBC04}.Release|Win32.Deploy.0 = Release|Win32
		{5A82DA74-326F-43CC-8D31-D8946A2CBC04}.Release|x64.ActiveCfg = Release|x64
		{5A82DA74-326F-43CC-8D31-D8946A2CBC04}.Release|x64.Build.0 = Release|x64
		{5A82DA74-326F-43CC-8D31-D8946A2CBC04}.Release|x64.Deploy.0 = Release|x64
		{6677755D-561D-4604-8349-E8FCDFB32287}.Debug|Win32.ActiveCfg = Debug|Win32
		{6677755D-561D-4604-8349-E8FCDFB32287}.Debug|Win32.Build.0 = Debug|Win32
		{6677755D-561D-4604-8349-E8FCDFB32287}.Debug|Win32.Deploy.0 = Debug|Win32
		{6677755D-561D-4604-8349-E8FCDFB32287}.Debug|x64.ActiveCfg = Debug|x64
		{6677755D-561D-4604-8349-E8FCDFB32287}.Debug|x64.Build.0 = Debug|x64
		{6677755D-561D-4604-8349-E8FCDFB32287}.Debug|x64.Deploy.0 = Debug|x64
		{6677755D-561D-4604-8349-E8FCDFB32287}.Release|Win32.ActiveCfg = Release|Win32
		{6677755D-561D-4604-8349-E8FCDFB32287}.Release|Win32.Build.0 = Release|Win32
		{6677755D-561D-4604-8349-E8FCDFB32287}.Release|Win32.Deploy.0 = Release|Win32
		{6677755D-561D-4604-8349-E8FCDFB32287}.Release|x64.ActiveCfg = Release|x64
		{6677755D-561D-4604-8349-E8FCDFB32287}.Release|x64.Build.0 = Release|x64
		{6677755D-561D-4604-8349-E8FCDFB32287}.Release|x64.Deploy.0 = Release|x64
		{08A6B53C-DE6E-4456-B653-33752CE56A2B}.Debug|Win32.ActiveCfg = Debug|Win32
		{08A6B53C-DE6E-4456-B653-33752CE56A2B}.Debug|Win32.Build.0 = Debug|Win32
		{08A6B53C-DE6E-4456-B653-33752CE56A2B}.Debug|Win32.Deploy.0 = Debug|Win32
		{08A6B53C-DE6E-4456-B653-33752CE56A2B}.Debug|x64.ActiveCfg = Debug|x64
		{08A6B53C-DE6E-4456-B653-33752CE56A2B}.Debug|x64.Build.0 = Debug|x64
		{08A6B53C-DE6E-4456-B653-33752CE56A2B}.Debug|x64.Deploy.0 = Debug|x64
		{08A6B53C-DE6E-4456-B653-33752CE56A2B}.Release|Win32.ActiveCfg = Release|Win32
		{08A6B53C-DE6E-4456-B653-33752CE56A2B}.Release|Win32.Build.0 = Release|Win32
		{08A6B53C-DE6E-4456-B653-33752CE56A2B}.Release|Win32.Deploy.0 = Release|Win32
		{08A6B53C-DE6E-4456-B653-33752CE56A2B}.Release|x64.ActiveCfg = Release|x64
		{08A6B53C-DE6E-4456-B653-33752CE56A2B}.Release|x64.Build.0 = Release|x64
		{08A6B53C-DE6E-4456-B653-33752CE56A2B}.Release|x64.Deploy.0 = Release|x64
		{72910C59-E5A3-4677-910F-2CFE8F996F91}.Debug|Win32.ActiveCfg = Debug|Win32
		{72910C59-E5A3-4677-910F-2CFE8F996F91}.Debug|Win32.Build.0 = Debug|Win32
		{72910C59-E5A3-4677-910F-2CFE8F996F91}.Debug|Win32.Deploy.0 = Debug|Win32
		{72910C59-E5A3-4677-910F-2CFE8F996F91}.Debug|x64.ActiveCfg = Debug|x64
		{72910C59-E5A3-4677-910F-2CFE8F996F91}.Debug|x64.Build.0 = Debug|x64
		{72910C59-E5A3-4677-910F-2CFE8F996F91}.Debug|x64.Deploy.0 = Debug|x64
		{72910C59-E5A3-4677-910F-2CFE8F996F91}.Release|Win32.ActiveCfg = Release|Win32
		{72910C59-E5A3-4677-910F-2CFE8F996F91}.Release|Win32.Build.0 = Release|Win32
		{72910C59-E5A3-4677-910F-2CFE8F996F91}.Release|Win32.Deploy.0 = Release|Win32
		{72910C59-E5A3-4677-910F-2CFE8F996F91}.Release|x64.ActiveCfg = Release|x64
		{72910C59-E5A3-4677-910F-2CFE8F996F91}.Release|x64.Build.0 = Release|x64
		{72910C59-E5A3-4677-910F-2CFE8F996F91}.Release|x64.Deploy.0 = Release|x64
		{33B901C1-0C7D-4370-9E51-9B74C416E39A}.Debug|Win32.ActiveCfg = Debug|Win32
		{33B901C1-0C7D-4370-9E51-9B74C416E39A}.Debug|Win32.Build.0 = Debug|Win32
		{33B901C1-0C7D-4370-9E51-9B74C416E39A}.Debug|Win32.Deploy.0 = Debug|Win32
		{33B901C1-0C7D-4370-9E51-9B74C416E39A}.Debug|x64.ActiveCfg = Debug|x64
		{33B901C1-0C7D-4370-9E51-9B74C416E39A}.Debug|x64.Build.0 = Debug|x64
		{33B901C1-0C7D-4370-9E51-9B74C416E39A}.Debug|x64.Deploy.0 = Debug|x64
		{33B901C1-0C7D-4370-9E51-9B74C416E39A}.Release|Win32.ActiveCfg = Release|Win32
		{33B901C1-0C7D-4370-9E51-9B74C416E39A}.Release|Win32.Build.0 = Release|Win32
		{33B901C1-0C7D-4370-9E51-9B74C416E39A}.Release|Win32.Deploy.0 = Release|Win32
		{33B901C1-0C7D-4370-9E51-9B74C416E39A}.Release|x64.ActiveCfg = Release|x64
		{33B901C1-0C7D-4370-9E51-9B74C416E39A}.Release|x64.Build.0 = Release|x64
		{33B901C1-0C7D-4370-9E51-9B74C416E39A}.Release|x64.Deploy.0 = Release|x64
		{995517EA-7282-478A-A2A3-4474829B6C5A}.Debug|Win32.ActiveCfg = Debug|Win32
		{995517EA-7282-478A-A2A3-4474829B6C5A}.Debug|Win32.Build.0 = Debug|Win32
		{995517EA-7282-478A-A2A3-4474829B6C5A}.Debug|Win32.Deploy.0 = Debug|Win32
		{995517EA-7282-478A-A2A3-4474829B6C5A}.Debug|x64.ActiveCfg = Debug|x64
		{995517EA-7282-478A-A2A3-4474829B6C5A}.Debug|x64.Build.0 = Debug|x64
		{995517EA-7282-478A-A2A3-4474829B6C5A}.Debug|x64.Deploy.0 = Debug|x64
		{995517EA-7282-478A-A2A3-4474829B6C5A}.Release|Win32.ActiveCfg = Release|Win32
		{995517EA-7282-478A-A2A3-4474829B6C5A}.Release|Win32.Build.0 = Release|Win32
		{995517EA-7282-478A-A2A3-4474829B6C5A}.Release|Win32.Deploy.0 = Release|Win32
		{995517EA-7282-478A-A2A3-4474829B6C5A}.Release|x64.ActiveCfg = Release|x64
		{995517EA-7282-478A-A2A3-4474829B6C5A}.Release|x64.Build.0 = Release|x64
		{995517EA-7282-478A-A2A3-4474829B6C5A}.Release|x64.Deploy.0 = Release|x64
		{17E0F262-FE4C-4103-B08B-191E21216D3E}.Debug|Win32.ActiveCfg = Debug|Win32
		{17E0F262-FE4C-4103-B08B-191E21216D3E}.Debug|Win32.Build.0 = Debug|Win32
		{17E0F262-FE4C-4103-B08B-191E21216D3E}.Debug|Win32.Deploy.0 = Debug|Win32
		{17E0F262-FE4C-4103-B08B-191E21216D3E}.Debug|x64.ActiveCfg = Debug|x64
		{17E0F262-FE4C-4103-B08B-191E21216D3E}.Debug|x64.Build.0 = Debug|x64
		{17E0F262-FE4C-4103-B08B-191E21216D3E}.Debug|x64.Deploy.0 = Debug|x64
		{17E0F262-FE4C-4103-B08B-191E21216D3E}.Release|Win32.ActiveCfg = Release|Win32
		{17E0F262-FE4C-4103-B08B-191E21216D3E}.Release|Win32.Build.0 = Release|Win32
		{17E0F262-FE4C-4103-B08B-191E21216D3E}.Release|Win32.Deploy.0 = Release|Win32
		{17E0F262-FE4C-4103-B08B-191E21216D3E}.Release|x64.ActiveCfg = Release|x64
		{17E0F262-FE4C-4103-B08B-191E21216D3E}.Release|x64.Build.0 = Release|x64
		{17E0F262-FE4C-4103-B08B-191E21216D3E}.Release|x64.Deploy.0 = Release|x64
		{8652A8D3-4F93-4C13-B261-EF5E08057737}.Debug|Win32.ActiveCfg = Debug|Win32
		{8652A8D3-4F93-4C13-B261-EF5E08057737}.Debug|Win32.Build.0 = Debug|Win32
		{8652A8D3-4F93-4C13-B261-EF5E08057737}.Debug|Win32.Deploy.0 = Debug|Win32
		{8652A8D3-4F93-4C13-B261-EF5E08057737}.Debug|x64.ActiveCfg = Debug|x64
		{8652A8D3-4F93-4C13-B261-EF5E08057737}.Debug|x64.Build.0 = Debug|x64
		{8652A8D3-4F93-4C13-B261-EF5E08057737}.Debug|x64.Deploy.0 = Debug|x64
		{8652A8D3-4F93-4C13-B261-EF5E08057737}.Release|Win32.ActiveCfg = Release|Win32
		{8652A8D3-4F93-4C13-B261-EF5E08057737}.Release|Win32.Build.0 = Release|Win32
		{8652A8D3-4F93-4C13-B261-EF5E08057737}.Release|Win32.Deploy.0 = Release|Win32
		{8652A8D3-4F93-4C13-B261-EF5E08057737}.Release|x64.ActiveCfg = Release|x64
		{8652A8D3-4F93-4C13-B261-EF5E08057737}.Release|x64.Build.0 = Release|x64
		{8652A8D3-4F93-4C13-B261-EF5E08057737}.Release|x64.Deploy.0 = Release|x64
		{41C2D912-7993-4BBF-AAC2-52DE7201424C}.Debug|Win32.ActiveCfg = Debug|Win32
		{41C2D912-7993-4BBF-AAC2-52DE7201424C}.Debug|Win32.Build.0 = Debug|Win32
		{41C2D912-7993-4BBF-AAC2-52DE7201424C}.Debug|Win32.Deploy.0 = Debug|Win32
		{41C2D912-7993-4BBF-AAC2-52DE7201424C}.Debug|x64.ActiveCfg = Debug|x64
		{41C2D912-7993-4BBF-AAC2-52DE7201424C}.Debug|x64.Build.0 = Debug|x64
		{41C2D912-7993-4BBF-AAC2-52DE7201424C}.Debug|x64.Deploy.0 = Debug|x64
		{41C2D912-7993-4BBF-AAC2-52DE7201424C}.Release|Win32.ActiveCfg = Release|Win32
		{41C2D912-7993-4BBF-AAC2-52DE7201424C}.Release|Win32.Build.0 = Release|Win32
		{41C2D912-7993-4BBF-AAC2-52DE7201424C}.Release|Win32.Deploy.0 = Release|Win32
		{41C2D912-7993-4BBF-AAC2-52DE7201424C}.Release|x64.ActiveCfg = Release|x64
		{41C2D912-7993-4BBF-AAC2-52DE7201424C}.Release|x64.Build.0 = Release|x64
		{41C2D912-7993-4BBF-AAC2-52DE7201424C}.Release|x64.Deploy.0 = Release|x64
		{1971FF28-2D63-4144-B454-B57DC3B229C9}.Debug|Win32.ActiveCfg = Debug|Win32
		{1971FF28-2D63-4144-B454-B57DC3B229C9}.Debug|Win32.Build.0 = Debug|Win32
		{1971FF28-2D63-4144-B454-B57DC3B229C9}.Debug|Win32.Deploy.0 = Debug|Win32
		{1971FF28-2D63-4144-B454-B57DC3B229C9}.Debug|x64.ActiveCfg = Debug|x64
		{1971FF28-2D63-4144-B454-B57DC3B229C9}.Debug|x64.Build.0 = Debug|x64
		{1971FF28-2D63-4144-B454-B57DC3B229C9}.Debug|x64.Deploy.0 = Debug|x64
		{1971FF28-2D63-4144-B454-B57DC3B229C9}.Release|Win32.ActiveCfg = Release|Win32
		{1971FF28-2D63-4144-B454-B57DC3B229C9}.Release|Win32.Build.0 = Release|Win32
		{1971FF28-2D63-4144-B454-B57DC3B229C9}.Release|Win32.Deploy.0 = Release|Win32
		{1971FF28-2D63-4144-B454-B57DC3B229C9}.Release|x64.ActiveCfg = Release|x64
		{1971FF28-2D63-4144-B454-B57DC3B229C9}.Release|x64.Build.0 = Release|x64
		{1971FF28-2D63-4144-B454-B57DC3B229C9}.Release|x64.Deploy.0 = Release|x64
		{4840021B-AE97-4A27-81BA-A433FFCF7CC2}.Debug|Win32.ActiveCfg = Debug|Win32
		{4840021B-AE97-4A27-81BA-A433FFCF7CC2}.Debug|Win32.Build.0 = Debug|Win32
		{4840021B-AE97-4A27-81BA-A433FFCF7CC2}.Debug|Win32.Deploy.0 = Debug|Win32
		{4840021B-AE97-4A27-81BA-A433FFCF7CC2}.Debug|x64.ActiveCfg = Debug|x64
		{4840021B-AE97-4A27-81BA-A433FFCF7CC2}.Debug|x64.Build.0 = Debug|x64
		{4840021B-AE97-4A27-81BA-A433FFCF7CC2}.Debug|x64.Deploy.0 = Debug|x64
		{4840021B-AE97-4A27-81BA-A433FFCF7CC2}.Release|Win32.ActiveCfg = Release|Win32
		{4840021B-AE97-4A27-81BA-A433FFCF7CC2}.Release|Win32.Build.0 = Release|Win32
		{4840021B-AE97-4A27-81BA-A433FFCF7CC2}.Release|Win32.Deploy.0 = Release|Win32
		{4840021B-AE97-4A27-81BA-A433FFCF7CC2}.Release|x64.ActiveCfg = Release|x64
		{4840021B-AE97-4A27-81BA-A433FFCF7CC2}.Release|x64.Build.0 = Release|x64
		{4840021B-AE97-4A27-81BA-A433FFCF7CC2}.Release|x64.Deploy.0 = Release|x64
		{994DB76D-7D12-40C2-B44B-24E75C5834FE}.Debug|Win32.ActiveCfg = Debug|Win32
		{994DB76D-7D12-40C2-B44B-24E75C5834FE}.Debug|Win32.Build.0 = Debug|Win32
		{994DB76D-7D12-40C2-B44B-24E75C5834FE}.Debug|Win32.Deploy.0 = Debug|Win32
		{994DB76D-7D12-40C2-B44B-24E75C5834FE}.Debug|x64.ActiveCfg = Debug|x64
		{994DB76D-7D12-40C2-B44B-24E75C5834FE}.Debug|x64.Build.0 = Debug|x64
		{994DB76D-7D12-40C2-B44B-24E75C5834FE}.Debug|x64.Deploy.0 = Debug|x64
		{994DB76D-7D12-40C2-B44B-24E75C5834FE}.Release|Win32.ActiveCfg = Release|Win32
		{994DB76D-7D12-40C2-B44B-24E75C5834FE}.Release|Win32.Build.0 = Release|Win32
		{994DB76D-7D12-40C2-B44B-24E75C5834FE}.Release|Win32.Deploy.0 = Release|Win32
		{994DB76D-7D12-40C2-B44B-24E75C5834FE}.Release|x64.ActiveCfg = Release|x64
		{994DB76D-7D12-40C2-B44B-24E75C5834FE}.Release|x64.Build.0 = Release|x64
		{994DB76D-7D12-40C2-B44B-24E75C5834FE}.Release|x64.Deploy.0 = Release|x64
		{18B556EF-69E6-4F57-B1D7-8F86262FC31F}.Debug|Win32.ActiveCfg = Debug|Win32
		{18B556EF-69E6-4F57-B1D7-8F86262FC31F}.Debug|Win32.Build.0 = Debug|Win32
		{18B556EF-69E6-4F57-B1D7-8F86262FC31F}.Debug|Win32.Deploy.0 = Debug|Win32
		{18B556EF-69E6-4F57-B1D7-8F86262FC31F}.Debug|x64.ActiveCfg = Debug|x64
		{18B556EF-69E6-4F57-B1D7-8F86262FC31F}.Debug|x64.Build.0 = Debug|x64
		{18B556EF-69E6-4F57-B1D7-8F86262FC31F}.Debug|x64.Deploy.0 = Debug|x64
		{18B556EF-69E6-4F57-B1D7-8F86262FC31F}.Release|Win32.ActiveCfg = Release|Win32
		{18B556EF-69E6-4F57-B1D7-8F86262FC31F}.Release|Win32.Build.0 = Release|Win32
		{18B556EF-69E6-4F57-B1D7-8F86262FC31F}.Release|Win32.Deploy.0 = Release|Win32
		{18B556EF-69E6-4F57-B1D7-8F86262FC31F}.Release|x64.ActiveCfg = Release|x64
		{18B556EF-69E6-4F57-B1D7-8F86262FC31F}.Release|x64.Build.0 = Release|x64
		{18B556EF-69E6-4F57-B1D7-8F86262FC31F}.Release|x64.Deploy.0 = Release|x64
		{FA5F7EA8-132C-4572-841D-8E7FAA661EA5}.Debug|Win32.ActiveCfg = Debug|Win32
		{FA5F7EA8-132C-4572-841D-8E7FAA661EA5}.Debug|Win32.Build.0 = Debug|Win32
		{FA5F7EA8-132C-4572-841D-8E7FAA661EA5}.Debug|Win32.Deploy.0 = Debug|Win32
		{FA5F7EA8-132C-4572-841D-8E7FAA661EA5}.Debug|x64.ActiveCfg = Debug|x64
		{FA5F7EA8-132C-4572-841D-8E7FAA661EA5}.Debug|x64.Build.0 = Debug|x64
		{FA5F7EA8-132C-4572-841D-8E7FAA661EA5}.Debug|x64.Deploy.0 = Debug|x64
		{FA5F7EA8-132C-4572-841D-8E7FAA661EA5}.Release|Win32.ActiveCfg = Release|Win32
		{FA5F7EA8-132C-4572-841D-8E7FAA661EA5}.Release|Win32.Build.0 = Release|Win32
		{FA5F7EA8-132C-4572-841D-8E7FAA661EA5}.Release|Win32.Deploy.0 = Release|Win32
		{FA5F7EA8-132C-4572-841D-8E7FAA661EA5}.Release|x64.ActiveCfg = Release|x64
		{FA5F7EA8-132C-4572-841D-8E7FAA661EA5}.Release|x64.Build.0 = Release|x64
		{FA5F7EA8-132C-4572-841D-8E7FAA661EA5}.Release|x64.Deploy.0 = Release|x64
		{12D3A308-832E-4647-B7D1-FF9FF01DC037}.Debug|Win32.ActiveCfg = Debug|Win32
		{12D3A308-832E-4647-B7D1-FF9FF01DC037}.Debug|Win32.Build.0 = Debug|Win32
		{12D3A308-832E-4647-B7D1-FF9FF01DC037}.Debug|Win32.Deploy.0 = Debug|Win32
		{12D3A308-832E-4647-B7D1-FF9FF01DC037}.Debug|x64.ActiveCfg = Debug|x64
		{12D3A308-832E-4647-B7D1-FF9FF01DC037}.Debug|x64.Build.0 = Debug|x64
		{12D3A308-832E-4647-B7D1-FF9FF01DC037}.Debug|x64.Deploy.0 = Debug|x64
		{12D3A308-832E-4647-B7D1-FF9FF01DC037}.Release|Win32.ActiveCfg = Release|Win32
		{12D3A308-832E-4647-B7D1-FF9FF01DC037}.Release|Win32.Build.0 = Release|Win32
		{12D3A308-832E-4647-B7D1-FF9FF01DC037}.Release|Win32.Deploy.0 = Release|Win32
		{12D3A308-832E-4647-B7D1-FF9FF01DC037}.Release|x64.ActiveCfg = Release|x64
		{12D3A308-832E-4647-B7D1-FF9FF01DC037}.Release|x64.Build.0 = Release|x64
		{12D3A308-832E-4647-B7D1-FF9FF01DC037}.Release|x64.Deploy.0 = Release|x64
		{E8519072-9DBC-40C4-AC31-85E3E546A700}.Debug|Win32.ActiveCfg = Debug|Win32
		{E8519072-9DBC-40C4-AC31-85E3E546A700}.Debug|Win32.Build.0 = Debug|Win32
		{E8519072-9DBC-40C4-AC31-85E3E546A700}.Debug|Win32.Deploy.0 = Debug|Win32
		{E8519072-9DBC-40C4-AC31-85E3E546A700}.Debug|x64.ActiveCfg = Debug|x64
		{E8519072-9DBC-40C4-AC31-85E3E546A700}.Debug|x64.Build.0 = Debug|x64
		{E8519072-9DBC-40C4-AC31-85E3E546A700}.Debug|x64.Deploy.0 = Debug|x64
		{E8519072-9DBC-40C4-AC31-85E3E546A700}.Release|Win32.ActiveCfg = Release|Win32
		{E8519072-9DBC-40C4-AC31-85E3E546A700}.Release|Win32.Build.0 = Release|Win32
		{E8519072-9DBC-40C4-AC31-85E3E546A700}.Release|Win32.Deploy.0 = Release|Win32
		{E8519072-9DBC-40C4-AC31-85E3E546A700}.Release|x64.ActiveCfg = Release|x64
		{E8519072-9DBC-40C4-AC31-85E3E546A700}.Release|x64.Build.0 = Release|x64
		{E8519072-9DBC-40C4-AC31-85E3E546A700}.Release|x64.Deploy.0 = Release|x64
		{446FC75F-8C39-43B5-A973-3C6A9DFBA413}.Debug|Win32.ActiveCfg = Debug|Win32
		{446FC75F-8C39-43B5-A973-3C6A9DFBA413}.Debug|Win32.Build.0 = Debug|Win32
		{446FC75F-8C39-43B5-A973-3C6A9DFBA413}.Debug|Win32.Deploy.0 = Debug|Win32
		{446FC75F-8C39-43B5-A973-3C6A9DFBA413}.Debug|x64.ActiveCfg = Debug|x64
		{446FC75F-8C39-43B5-A973-3C6A9DFBA413}.Debug|x64.Build.0 = Debug|x64
		{446FC75F-8C39-43B5-A973-3C6A9DFBA413}.Debug|x64.Deploy.0 = Debug|x64
		{446FC75F-8C39-43B5-A973-3C6A9DFBA413}.Release|Win32.ActiveCfg = Release|Win32
		{446FC75F-8C39-43B5-A973-3C6A9DFBA413}.Release|Win32.Build.0 = Release|Win32
		{446FC75F-8C39-43B5-A973-3C6A9DFBA413}.Release|Win32.Deploy.0 = Release|Win32
		{446FC75F-8C39-43B5-A973-3C6A9DFBA413}.Release|x64.ActiveCfg = Release|x64
		{446FC75F-8C39-43B5-A973-3C6A9DFBA413}.Release|x64.Build.0 = Release|x64
		{446FC75F-8C39-43B5-A973-3C6A9DFBA413}.Release|x64.Deploy.0 = Release|x64
	EndGlobalSection
	GlobalSection(SolutionProperties) = preSolution
		HideSolutionNode = FALSE
	EndGlobalSection
EndGlobal
