
Microsoft Visual Studio Solution File, Format Version 11.00
# Visual Studio 2012
Project("{8BC9CEB8-8B4A-11D0-8D11-00A0C91BC942}") = "3d", "3d.vcxproj", "{67135B43-4A68-4DFB-93E7-D143862DAB90}"
EndProject
Project("{8BC9CEB8-8B4A-11D0-8D11-00A0C91BC942}") = "3d_multi", "3d_multi.vcxproj", "{FA5F824C-83B0-42A5-A0D5-2997E42F9099}"
EndProject
Project("{8BC9CEB8-8B4A-11D0-8D11-00A0C91BC942}") = "event_parameter", "event_parameter.vcxproj", "{D81B7D61-A2D6-4ACE-8435-90769CCE4BF7}"
EndProject
Project("{8BC9CEB8-8B4A-11D0-8D11-00A0C91BC942}") = "load_banks", "load_banks.vcxproj", "{0E1B7999-71B9-4EB9-8871-22C1223E309E}"
EndProject
Project("{8BC9CEB8-8B4A-11D0-8D11-00A0C91BC942}") = "music_callbacks", "music_callbacks.vcxproj", "{F47FB363-5947-479F-9D93-79455958D8DA}"
EndProject
Project("{8BC9CEB8-8B4A-11D0-8D11-00A0C91BC942}") = "objectpan", "objectpan.vcxproj", "{EAEB179A-D9CE-4BC7-B0DB-FDBDD2285A8C}"
EndProject
Project("{8BC9CEB8-8B4A-11D0-8D11-00A0C91BC942}") = "programmer_sound", "programmer_sound.vcxproj", "{542166F4-1410-4EF6-9F61-A79D791FD69E}"
EndProject
Project("{8BC9CEB8-8B4A-11D0-8D11-00A0C91BC942}") = "recording_playback", "recording_playback.vcxproj", "{F68D0A6E-E725-45B9-975D-0725BE347C58}"
EndProject
Project("{8BC9CEB8-8B4A-11D0-8D11-00A0C91BC942}") = "simple_event", "simple_event.vcxproj", "{C7D982F1-F478-4183-A3AB-F328EDF36603}"
EndProject
Global
	GlobalSection(SolutionConfigurationPlatforms) = preSolution
		Debug|Win32 = Debug|Win32
		Debug|x64 = Debug|x64
		Release|Win32 = Release|Win32
		Release|x64 = Release|x64
	EndGlobalSection
	GlobalSection(ProjectConfigurationPlatforms) = postSolution
		{67135B43-4A68-4DFB-93E7-D143862DAB90}.Debug|Win32.ActiveCfg = Debug|Win32
		{67135B43-4A68-4DFB-93E7-D143862DAB90}.Debug|Win32.Build.0 = Debug|Win32
		{67135B43-4A68-4DFB-93E7-D143862DAB90}.Debug|Win32.Deploy.0 = Debug|Win32
		{67135B43-4A68-4DFB-93E7-D143862DAB90}.Debug|x64.ActiveCfg = Debug|x64
		{67135B43-4A68-4DFB-93E7-D143862DAB90}.Debug|x64.Build.0 = Debug|x64
		{67135B43-4A68-4DFB-93E7-D143862DAB90}.Debug|x64.Deploy.0 = Debug|x64
		{67135B43-4A68-4DFB-93E7-D143862DAB90}.Release|Win32.ActiveCfg = Release|Win32
		{67135B43-4A68-4DFB-93E7-D143862DAB90}.Release|Win32.Build.0 = Release|Win32
		{67135B43-4A68-4DFB-93E7-D143862DAB90}.Release|Win32.Deploy.0 = Release|Win32
		{67135B43-4A68-4DFB-93E7-D143862DAB90}.Release|x64.ActiveCfg = Release|x64
		{67135B43-4A68-4DFB-93E7-D143862DAB90}.Release|x64.Build.0 = Release|x64
		{67135B43-4A68-4DFB-93E7-D143862DAB90}.Release|x64.Deploy.0 = Release|x64
		{FA5F824C-83B0-42A5-A0D5-2997E42F9099}.Debug|Win32.ActiveCfg = Debug|Win32
		{FA5F824C-83B0-42A5-A0D5-2997E42F9099}.Debug|Win32.Build.0 = Debug|Win32
		{FA5F824C-83B0-42A5-A0D5-2997E42F9099}.Debug|Win32.Deploy.0 = Debug|Win32
		{FA5F824C-83B0-42A5-A0D5-2997E42F9099}.Debug|x64.ActiveCfg = Debug|x64
		{FA5F824C-83B0-42A5-A0D5-2997E42F9099}.Debug|x64.Build.0 = Debug|x64
		{FA5F824C-83B0-42A5-A0D5-2997E42F9099}.Debug|x64.Deploy.0 = Debug|x64
		{FA5F824C-83B0-42A5-A0D5-2997E42F9099}.Release|Win32.ActiveCfg = Release|Win32
		{FA5F824C-83B0-42A5-A0D5-2997E42F9099}.Release|Win32.Build.0 = Release|Win32
		{FA5F824C-83B0-42A5-A0D5-2997E42F9099}.Release|Win32.Deploy.0 = Release|Win32
		{FA5F824C-83B0-42A5-A0D5-2997E42F9099}.Release|x64.ActiveCfg = Release|x64
		{FA5F824C-83B0-42A5-A0D5-2997E42F9099}.Release|x64.Build.0 = Release|x64
		{FA5F824C-83B0-42A5-A0D5-2997E42F9099}.Release|x64.Deploy.0 = Release|x64
		{D81B7D61-A2D6-4ACE-8435-90769CCE4BF7}.Debug|Win32.ActiveCfg = Debug|Win32
		{D81B7D61-A2D6-4ACE-8435-90769CCE4BF7}.Debug|Win32.Build.0 = Debug|Win32
		{D81B7D61-A2D6-4ACE-8435-90769CCE4BF7}.Debug|Win32.Deploy.0 = Debug|Win32
		{D81B7D61-A2D6-4ACE-8435-90769CCE4BF7}.Debug|x64.ActiveCfg = Debug|x64
		{D81B7D61-A2D6-4ACE-8435-90769CCE4BF7}.Debug|x64.Build.0 = Debug|x64
		{D81B7D61-A2D6-4ACE-8435-90769CCE4BF7}.Debug|x64.Deploy.0 = Debug|x64
		{D81B7D61-A2D6-4ACE-8435-90769CCE4BF7}.Release|Win32.ActiveCfg = Release|Win32
		{D81B7D61-A2D6-4ACE-8435-90769CCE4BF7}.Release|Win32.Build.0 = Release|Win32
		{D81B7D61-A2D6-4ACE-8435-90769CCE4BF7}.Release|Win32.Deploy.0 = Release|Win32
		{D81B7D61-A2D6-4ACE-8435-90769CCE4BF7}.Release|x64.ActiveCfg = Release|x64
		{D81B7D61-A2D6-4ACE-8435-90769CCE4BF7}.Release|x64.Build.0 = Release|x64
		{D81B7D61-A2D6-4ACE-8435-90769CCE4BF7}.Release|x64.Deploy.0 = Release|x64
		{0E1B7999-71B9-4EB9-8871-22C1223E309E}.Debug|Win32.ActiveCfg = Debug|Win32
		{0E1B7999-71B9-4EB9-8871-22C1223E309E}.Debug|Win32.Build.0 = Debug|Win32
		{0E1B7999-71B9-4EB9-8871-22C1223E309E}.Debug|Win32.Deploy.0 = Debug|Win32
		{0E1B7999-71B9-4EB9-8871-22C1223E309E}.Debug|x64.ActiveCfg = Debug|x64
		{0E1B7999-71B9-4EB9-8871-22C1223E309E}.Debug|x64.Build.0 = Debug|x64
		{0E1B7999-71B9-4EB9-8871-22C1223E309E}.Debug|x64.Deploy.0 = Debug|x64
		{0E1B7999-71B9-4EB9-8871-22C1223E309E}.Release|Win32.ActiveCfg = Release|Win32
		{0E1B7999-71B9-4EB9-8871-22C1223E309E}.Release|Win32.Build.0 = Release|Win32
		{0E1B7999-71B9-4EB9-8871-22C1223E309E}.Release|Win32.Deploy.0 = Release|Win32
		{0E1B7999-71B9-4EB9-8871-22C1223E309E}.Release|x64.ActiveCfg = Release|x64
		{0E1B7999-71B9-4EB9-8871-22C1223E309E}.Release|x64.Build.0 = Release|x64
		{0E1B7999-71B9-4EB9-8871-22C1223E309E}.Release|x64.Deploy.0 = Release|x64
		{F47FB363-5947-479F-9D93-79455958D8DA}.Debug|Win32.ActiveCfg = Debug|Win32
		{F47FB363-5947-479F-9D93-79455958D8DA}.Debug|Win32.Build.0 = Debug|Win32
		{F47FB363-5947-479F-9D93-79455958D8DA}.Debug|Win32.Deploy.0 = Debug|Win32
		{F47FB363-5947-479F-9D93-79455958D8DA}.Debug|x64.ActiveCfg = Debug|x64
		{F47FB363-5947-479F-9D93-79455958D8DA}.Debug|x64.Build.0 = Debug|x64
		{F47FB363-5947-479F-9D93-79455958D8DA}.Debug|x64.Deploy.0 = Debug|x64
		{F47FB363-5947-479F-9D93-79455958D8DA}.Release|Win32.ActiveCfg = Release|Win32
		{F47FB363-5947-479F-9D93-79455958D8DA}.Release|Win32.Build.0 = Release|Win32
		{F47FB363-5947-479F-9D93-79455958D8DA}.Release|Win32.Deploy.0 = Release|Win32
		{F47FB363-5947-479F-9D93-79455958D8DA}.Release|x64.ActiveCfg = Release|x64
		{F47FB363-5947-479F-9D93-79455958D8DA}.Release|x64.Build.0 = Release|x64
		{F47FB363-5947-479F-9D93-79455958D8DA}.Release|x64.Deploy.0 = Release|x64
		{EAEB179A-D9CE-4BC7-B0DB-FDBDD2285A8C}.Debug|Win32.ActiveCfg = Debug|Win32
		{EAEB179A-D9CE-4BC7-B0DB-FDBDD2285A8C}.Debug|Win32.Build.0 = Debug|Win32
		{EAEB179A-D9CE-4BC7-B0DB-FDBDD2285A8C}.Debug|Win32.Deploy.0 = Debug|Win32
		{EAEB179A-D9CE-4BC7-B0DB-FDBDD2285A8C}.Debug|x64.ActiveCfg = Debug|x64
		{EAEB179A-D9CE-4BC7-B0DB-FDBDD2285A8C}.Debug|x64.Build.0 = Debug|x64
		{EAEB179A-D9CE-4BC7-B0DB-FDBDD2285A8C}.Debug|x64.Deploy.0 = Debug|x64
		{EAEB179A-D9CE-4BC7-B0DB-FDBDD2285A8C}.Release|Win32.ActiveCfg = Release|Win32
		{EAEB179A-D9CE-4BC7-B0DB-FDBDD2285A8C}.Release|Win32.Build.0 = Release|Win32
		{EAEB179A-D9CE-4BC7-B0DB-FDBDD2285A8C}.Release|Win32.Deploy.0 = Release|Win32
		{EAEB179A-D9CE-4BC7-B0DB-FDBDD2285A8C}.Release|x64.ActiveCfg = Release|x64
		{EAEB179A-D9CE-4BC7-B0DB-FDBDD2285A8C}.Release|x64.Build.0 = Release|x64
		{EAEB179A-D9CE-4BC7-B0DB-FDBDD2285A8C}.Release|x64.Deploy.0 = Release|x64
		{542166F4-1410-4EF6-9F61-A79D791FD69E}.Debug|Win32.ActiveCfg = Debug|Win32
		{542166F4-1410-4EF6-9F61-A79D791FD69E}.Debug|Win32.Build.0 = Debug|Win32
		{542166F4-1410-4EF6-9F61-A79D791FD69E}.Debug|Win32.Deploy.0 = Debug|Win32
		{542166F4-1410-4EF6-9F61-A79D791FD69E}.Debug|x64.ActiveCfg = Debug|x64
		{542166F4-1410-4EF6-9F61-A79D791FD69E}.Debug|x64.Build.0 = Debug|x64
		{542166F4-1410-4EF6-9F61-A79D791FD69E}.Debug|x64.Deploy.0 = Debug|x64
		{542166F4-1410-4EF6-9F61-A79D791FD69E}.Release|Win32.ActiveCfg = Release|Win32
		{542166F4-1410-4EF6-9F61-A79D791FD69E}.Release|Win32.Build.0 = Release|Win32
		{542166F4-1410-4EF6-9F61-A79D791FD69E}.Release|Win32.Deploy.0 = Release|Win32
		{542166F4-1410-4EF6-9F61-A79D791FD69E}.Release|x64.ActiveCfg = Release|x64
		{542166F4-1410-4EF6-9F61-A79D791FD69E}.Release|x64.Build.0 = Release|x64
		{542166F4-1410-4EF6-9F61-A79D791FD69E}.Release|x64.Deploy.0 = Release|x64
		{F68D0A6E-E725-45B9-975D-0725BE347C58}.Debug|Win32.ActiveCfg = Debug|Win32
		{F68D0A6E-E725-45B9-975D-0725BE347C58}.Debug|Win32.Build.0 = Debug|Win32
		{F68D0A6E-E725-45B9-975D-0725BE347C58}.Debug|Win32.Deploy.0 = Debug|Win32
		{F68D0A6E-E725-45B9-975D-0725BE347C58}.Debug|x64.ActiveCfg = Debug|x64
		{F68D0A6E-E725-45B9-975D-0725BE347C58}.Debug|x64.Build.0 = Debug|x64
		{F68D0A6E-E725-45B9-975D-0725BE347C58}.Debug|x64.Deploy.0 = Debug|x64
		{F68D0A6E-E725-45B9-975D-0725BE347C58}.Release|Win32.ActiveCfg = Release|Win32
		{F68D0A6E-E725-45B9-975D-0725BE347C58}.Release|Win32.Build.0 = Release|Win32
		{F68D0A6E-E725-45B9-975D-0725BE347C58}.Release|Win32.Deploy.0 = Release|Win32
		{F68D0A6E-E725-45B9-975D-0725BE347C58}.Release|x64.ActiveCfg = Release|x64
		{F68D0A6E-E725-45B9-975D-0725BE347C58}.Release|x64.Build.0 = Release|x64
		{F68D0A6E-E725-45B9-975D-0725BE347C58}.Release|x64.Deploy.0 = Release|x64
		{C7D982F1-F478-4183-A3AB-F328EDF36603}.Debug|Win32.ActiveCfg = Debug|Win32
		{C7D982F1-F478-4183-A3AB-F328EDF36603}.Debug|Win32.Build.0 = Debug|Win32
		{C7D982F1-F478-4183-A3AB-F328EDF36603}.Debug|Win32.Deploy.0 = Debug|Win32
		{C7D982F1-F478-4183-A3AB-F328EDF36603}.Debug|x64.ActiveCfg = Debug|x64
		{C7D982F1-F478-4183-A3AB-F328EDF36603}.Debug|x64.Build.0 = Debug|x64
		{C7D982F1-F478-4183-A3AB-F328EDF36603}.Debug|x64.Deploy.0 = Debug|x64
		{C7D982F1-F478-4183-A3AB-F328EDF36603}.Release|Win32.ActiveCfg = Release|Win32
		{C7D982F1-F478-4183-A3AB-F328EDF36603}.Release|Win32.Build.0 = Release|Win32
		{C7D982F1-F478-4183-A3AB-F328EDF36603}.Release|Win32.Deploy.0 = Release|Win32
		{C7D982F1-F478-4183-A3AB-F328EDF36603}.Release|x64.ActiveCfg = Release|x64
		{C7D982F1-F478-4183-A3AB-F328EDF36603}.Release|x64.Build.0 = Release|x64
		{C7D982F1-F478-4183-A3AB-F328EDF36603}.Release|x64.Deploy.0 = Release|x64
	EndGlobalSection
	GlobalSection(SolutionProperties) = preSolution
		HideSolutionNode = FALSE
	EndGlobalSection
EndGlobal
